lockfileVersion: '9.0'

settings:
  autoInstallPeers: true
  excludeLinksFromLockfile: false

importers:

  .:
    dependencies:
      '@supabase/ssr':
        specifier: ^0.7.0
        version: 0.7.0(@supabase/supabase-js@2.112.2)
      '@supabase/supabase-js':
        specifier: ^2.57.4
        version: 2.112.2
      next:
        specifier: ^16.0.0
        version: 16.3.0(@babel/core@7.29.7(supports-color@7.2.0))(@types/node@22.20.1)(react-dom@19.2.8(react@19.2.8))(react@19.2.8)
      react:
        specifier: ^19.2.0
        version: 19.2.8
      react-dom:
        specifier: ^19.2.0
        version: 19.2.8(react@19.2.8)
    devDependencies:
      '@types/node':
        specifier: ^22.0.0
        version: 22.20.1
      '@types/react':
        specifier: ^19.0.0
        version: 19.2.18
      '@types/react-dom':
        specifier: ^19.0.0
        version: 19.2.4(@types/react@19.2.18)
      eslint:
        specifier: ^9.0.0
        version: 9.39.5(supports-color@7.2.0)
      eslint-config-next:
        specifier: ^16.0.0
        version: 16.3.0(@typescript-eslint/parser@8.66.0(eslint@9.39.5(supports-color@7.2.0))(supports-color@7.2.0)(typescript@5.9.3))(eslint@9.39.5(supports-color@7.2.0))(supports-color@7.2.0)(typescript@5.9.3)
      typescript:
        specifier: ^5.9.0
        version: 5.9.3

packages:

  '@babel/code-frame@7.29.7':
    resolution: {integrity: sha512-Aup7aUOfpbAUg2ROOJN6Iw5f9DMBlzu0mIkm/malLQFN/YQgO48wCj0Kxa3sEHJvPVFg7siR+qRInwXd2qhQKw==}
    engines: {node: '>=6.9.0'}

  '@babel/compat-data@7.29.7':
    resolution: {integrity: sha512-locTkQyKvwIEgBzVrn8693ebc97F2U8ZHjbXwDXJ5Fn2TCpNwTlKcaKLkdHop5c/icOFE7qt7Q9JC5hnKNa6Gg==}
    engines: {node: '>=6.9.0'}

  '@babel/core@7.29.7':
    resolution: {integrity: sha512-RgHBCvtjbOK2gXSNBNIkNoEc9qoVEtau3hj8gEqKQuL3HZAibKarWFEI3Lfm6EYKkLalOh8eSrj9b+ch9H/VBA==}
    engines: {node: '>=6.9.0'}

  '@babel/generator@7.29.8':
    resolution: {integrity: sha512-gZbepsdh3WDtgZKWL+vTPh71LSBrm/Y4/QDZBVCcYfmeTEEuoOYwlSy+G1StfJg+/Zy550u/3TATbm7qDbbMtg==}
    engines: {node: '>=6.9.0'}

  '@babel/helper-compilation-targets@7.29.7':
    resolution: {integrity: sha512-wem6WaBj4NaVYVdNhLPPVacES6ZJ+KBBfSkTMD3YZxbP3rm3Di85tJU5ljaUNhaOynt+Aj0xruhYuzQBt8n71g==}
    engines: {node: '>=6.9.0'}

  '@babel/helper-globals@7.29.7':
    resolution: {integrity: sha512-3nQVUAtvkKH9zahfWgw96Jc/uFOmjACE1kQz82E2lqWmHBgjzbNlsC22nuQTfahmWeQtTq5nQ/4Nnd2A1wj4zA==}
    engines: {node: '>=6.9.0'}

  '@babel/helper-module-imports@7.29.7':
    resolution: {integrity: sha512-ejHwrQQYcm9xnTivShn2IDOlIzInN34AXskvq9QicvCtEzq1Vzclu/tKF8Jq1Cg8JG2GL6/EmjgsCT7lXepE3g==}
    engines: {node: '>=6.9.0'}

  '@babel/helper-module-transforms@7.29.7':
    resolution: {integrity: sha512-UPUVSyXbOh627KiCIGQSgwWzGeBKLkaJ9PJEdrngIwMSzxLR4jS4+f1f1jb7VzBbg8nFLaYotvVPFCTqdrmTAg==}
    engines: {node: '>=6.9.0'}
    peerDependencies:
      '@babel/core': ^7.0.0

  '@babel/helper-string-parser@7.29.7':
    resolution: {integrity: sha512-Pb5ijPrZ89GDH8223L4UP8i6QApWxs04RbPQJTeWDV0/keR2E36MeKnyr6LYmUUvqRRI+Iv87SuF1W6ErINzYw==}
    engines: {node: '>=6.9.0'}

  '@babel/helper-validator-identifier@7.29.7':
    resolution: {integrity: sha512-qehxGkRj55h/ff8EMaJ+cYhyaKlHIxqYDn682wQD7RNp9UujOQsHog2uS0r2vzr4pW+sXf90NeeayjcNaX3fFg==}
    engines: {node: '>=6.9.0'}

  '@babel/helper-validator-option@7.29.7':
    resolution: {integrity: sha512-N9ZErrD+yW5geCDtBqnOoxmR8+tNKiGuxKlDpuJxfsqpa2dFcexaziGAE/qoHLiDDreVNMupxGmSoNlyvsA3gw==}
    engines: {node: '>=6.9.0'}

  '@babel/helpers@7.29.7':
    resolution: {integrity: sha512-1k2lAGRMfHTcwuNYcCNUmaUffmQv8KWMfh2iJUUeRlwlwH4FdNG7mfPI10NPfLHJFThE4Tyr4mv7kTNZOiPuBg==}
    engines: {node: '>=6.9.0'}

  '@babel/parser@7.29.8':
    resolution: {integrity: sha512-E8lTAYNB1KW+FH+VGJuZM1ioAx2E6oVlvQFRrf5P8ZZmsiJXYAD9vTFV7yyEURNzgh1dFqMZuO6tUwcARbqFCA==}
    engines: {node: '>=6.0.0'}
    hasBin: true

  '@babel/template@7.29.7':
    resolution: {integrity: sha512-puq+Gf35oI24FeN11LkoUQFqv9uwNeWpxXZi/Ji3rRIoKAzKnxRaZ+Gkj0vKS9ZCiTESfng1N9LyOyXvo+m+Gg==}
    engines: {node: '>=6.9.0'}

  '@babel/traverse@7.29.8':
    resolution: {integrity: sha512-I5z7H3bf/41ktsNVLtpN0wAa336HkqIHQ5BuPLEhTkt1jVSyZpeNKIzTgEWmlxjdg81R0IgUCcaE+Ok3NvrfZg==}
    engines: {node: '>=6.9.0'}

  '@babel/types@7.29.8':
    resolution: {integrity: sha512-Vj1jF3cPfxg7OAfoI7QnVKLoILlm2JF9pnVHrX8qx7AHMiYWT+NDAA7jChlNgRS4WTLc/fD1lXLmPixluj+3Gg==}
    engines: {node: '>=6.9.0'}

  '@emnapi/core@1.10.0':
    resolution: {integrity: sha512-yq6OkJ4p82CAfPl0u9mQebQHKPJkY7WrIuk205cTYnYe+k2Z8YBh11FrbRG/H6ihirqcacOgl2BIO8oyMQLeXw==}

  '@emnapi/runtime@1.10.0':
    resolution: {integrity: sha512-ewvYlk86xUoGI0zQRNq/mC+16R1QeDlKQy21Ki3oSYXNgLb45GV1P6A0M+/s6nyCuNDqe5VpaY84BzXGwVbwFA==}

  '@emnapi/runtime@1.11.3':
    resolution: {integrity: sha512-Xz4Tpyki7XyrpbUK1jR1AhdAdaXyhhY4lZ3neLodmhpuWfy2PAQN5B46sAiU4liOXGLkHypn/qU+jvfWSCYYLA==}

  '@emnapi/wasi-threads@1.2.1':
    resolution: {integrity: sha512-uTII7OYF+/Mes/MrcIOYp5yOtSMLBWSIoLPpcgwipoiKbli6k322tcoFsxoIIxPDqW01SQGAgko4EzZi2BNv2w==}

  '@eslint-community/eslint-utils@4.10.1':
    resolution: {integrity: sha512-cuadcxVFE8sDK6iWJbs8Sn0av2Nrh2QSGQhVlBW9AaAHqHwjWsZHT8LJ4hFGPh7ASBV2deFdM7H/DPjulmh8rg==}
    engines: {node: ^12.22.0 || ^14.17.0 || >=16.0.0}
    peerDependencies:
      eslint: ^6.0.0 || ^7.0.0 || >=8.0.0

  '@eslint-community/eslint-utils@4.9.1':
    resolution: {integrity: sha512-phrYmNiYppR7znFEdqgfWHXR6NCkZEK7hwWDHZUjit/2/U0r6XvkDl0SYnoM51Hq7FhCGdLDT6zxCCOY1hexsQ==}
    engines: {node: ^12.22.0 || ^14.17.0 || >=16.0.0}
    peerDependencies:
      eslint: ^6.0.0 || ^7.0.0 || >=8.0.0

  '@eslint-community/regexpp@4.12.2':
    resolution: {integrity: sha512-EriSTlt5OC9/7SXkRSCAhfSxxoSUgBm33OH+IkwbdpgoqsSsUg7y3uh+IICI/Qg4BBWr3U2i39RpmycbxMq4ew==}
    engines: {node: ^12.0.0 || ^14.0.0 || >=16.0.0}

  '@eslint/config-array@0.21.2':
    resolution: {integrity: sha512-nJl2KGTlrf9GjLimgIru+V/mzgSK0ABCDQRvxw5BjURL7WfH5uoWmizbH7QB6MmnMBd8cIC9uceWnezL1VZWWw==}
    engines: {node: ^18.18.0 || ^20.9.0 || >=21.1.0}

  '@eslint/config-helpers@0.4.2':
    resolution: {integrity: sha512-gBrxN88gOIf3R7ja5K9slwNayVcZgK6SOUORm2uBzTeIEfeVaIhOpCtTox3P6R7o2jLFwLFTLnC7kU/RGcYEgw==}
    engines: {node: ^18.18.0 || ^20.9.0 || >=21.1.0}

  '@eslint/core@0.17.0':
    resolution: {integrity: sha512-yL/sLrpmtDaFEiUj1osRP4TI2MDz1AddJL+jZ7KSqvBuliN4xqYY54IfdN8qD8Toa6g1iloph1fxQNkjOxrrpQ==}
    engines: {node: ^18.18.0 || ^20.9.0 || >=21.1.0}

  '@eslint/eslintrc@3.3.6':
    resolution: {integrity: sha512-l2Ul9PrHsPCKcEY/ac7VgFj9D80C7S68sOKc618SyHDPK36s1XcFebXY0iTzUVn4Yq+YbwvSnDmCz9yxjX+QrA==}
    engines: {node: ^18.18.0 || ^20.9.0 || >=21.1.0}

  '@eslint/js@9.39.5':
    resolution: {integrity: sha512-QywQuszQh77pIXCsq998c8hbhSTI/azTty1Z6N53dmAudKHhy573j3yvRLsX2BSp8YpLtoCEG8E9DJe+8zUh4A==}
    engines: {node: ^18.18.0 || ^20.9.0 || >=21.1.0}

  '@eslint/object-schema@2.1.7':
    resolution: {integrity: sha512-VtAOaymWVfZcmZbp6E2mympDIHvyjXs/12LqWYjVw6qjrfF+VK+fyG33kChz3nnK+SU5/NeHOqrTEHS8sXO3OA==}
    engines: {node: ^18.18.0 || ^20.9.0 || >=21.1.0}

  '@eslint/plugin-kit@0.4.1':
    resolution: {integrity: sha512-43/qtrDUokr7LJqoF2c3+RInu/t4zfrpYdoSDfYyhg52rwLV6TnOvdG4fXm7IkSB3wErkcmJS9iEhjVtOSEjjA==}
    engines: {node: ^18.18.0 || ^20.9.0 || >=21.1.0}

  '@humanfs/core@0.19.2':
    resolution: {integrity: sha512-UhXNm+CFMWcbChXywFwkmhqjs3PRCmcSa/hfBgLIb7oQ5HNb1wS0icWsGtSAUNgefHeI+eBrA8I1fxmbHsGdvA==}
    engines: {node: '>=18.18.0'}

  '@humanfs/node@0.16.8':
    resolution: {integrity: sha512-gE1eQNZ3R++kTzFUpdGlpmy8kDZD/MLyHqDwqjkVQI0JMdI1D51sy1H958PNXYkM2rAac7e5/CnIKZrHtPh3BQ==}
    engines: {node: '>=18.18.0'}

  '@humanfs/types@0.15.0':
    resolution: {integrity: sha512-ZZ1w0aoQkwuUuC7Yf+7sdeaNfqQiiLcSRbfI08oAxqLtpXQr9AIVX7Ay7HLDuiLYAaFPu8oBYNq/QIi9URHJ3Q==}
    engines: {node: '>=18.18.0'}

  '@humanwhocodes/module-importer@1.0.1':
    resolution: {integrity: sha512-bxveV4V8v5Yb4ncFTT3rPSgZBOpCkjfK0y4oVVVJwIuDVBRMDXrPyXRL988i5ap9m9bnyEEjWfm5WkBmtffLfA==}
    engines: {node: '>=12.22'}

  '@humanwhocodes/retry@0.4.3':
    resolution: {integrity: sha512-bV0Tgo9K4hfPCek+aMAn81RppFKv2ySDQeMoSZuvTASywNTnVJCArCZE2FWqpvIatKu7VMRLWlR1EazvVhDyhQ==}
    engines: {node: '>=18.18'}

  '@img/colour@1.1.0':
    resolution: {integrity: sha512-Td76q7j57o/tLVdgS746cYARfSyxk8iEfRxewL9h4OMzYhbW4TAcppl0mT4eyqXddh6L/jwoM75mo7ixa/pCeQ==}
    engines: {node: '>=18'}

  '@img/sharp-darwin-arm64@0.35.3':
    resolution: {integrity: sha512-RMnFX7YQsMoh7lWfcM4NEHHymBX/rLuKNPVM84XE9ONPcaSCDgE7CHIHpSgPcO2xcRthgBy1HfNO319mwhIAkg==}
    engines: {node: '>=20.9.0'}
    cpu: [arm64]
    os: [darwin]

  '@img/sharp-darwin-x64@0.35.3':
    resolution: {integrity: sha512-Xo+5uFBtLN0BKqieTxiFzFPQAUlBbbH5iBKyRX/z1JrbnYsHTfKJnUfL8+p2TPXr1pXqao4eeL4Rl144uDpK9w==}
    engines: {node: '>=20.9.0'}
    cpu: [x64]
    os: [darwin]

  '@img/sharp-freebsd-wasm32@0.35.3':
    resolution: {integrity: sha512-lUxcqWIj2wMQ9BrwNjngcr1gWUr5xgaGThBRqPPalIC2n67Cqj1uPh8NnA/ZhAg8hUbKl+kVHKwgUIwe6ZYPrg==}
    engines: {node: '>=20.9.0'}
    os: [freebsd]

  '@img/sharp-libvips-darwin-arm64@1.3.2':
    resolution: {integrity: sha512-9J6ypZFpQBj4YnePGoq/S38w6nz+vqg5WZLrLGY4YuSemdMq47GMLBPO42MzwdGwpg/agZ7xzZcFHa48xlywfg==}
    cpu: [arm64]
    os: [darwin]

  '@img/sharp-libvips-darwin-x64@1.3.2':
    resolution: {integrity: sha512-m2pW1n6cns9VaubNwsZ+c3CRYjxNQWgJ5gPlnL1nbBcpkBvFm6SCFN5o0psFHI8w9n11NKhFkeEDns98tiqbEw==}
    cpu: [x64]
    os: [darwin]

  '@img/sharp-libvips-linux-arm64@1.3.2':
    resolution: {integrity: sha512-dqVSFynCox4C/J8kT16V7SIFAns0IjgLwkvYT7p8LQVmJ5OS5b6tI9IGflxTeuBS//zXeFIUbwt5dwxyZ17cnA==}
    cpu: [arm64]
    os: [linux]
    libc: [glibc]

  '@img/sharp-libvips-linux-arm@1.3.2':
    resolution: {integrity: sha512-1eMLzy92I4J6rmi4mAT8yC3HxOtniyGELlzGbNMLLeqe052ahFQ0h6LFq+lh5DsDIdYViIDst08abvSbcEdLXQ==}
    cpu: [arm]
    os: [linux]
    libc: [glibc]

  '@img/sharp-libvips-linux-ppc64@1.3.2':
    resolution: {integrity: sha512-3z0NHDxD6n5I9gc05U1eW1AyRm+Gznzq3naMrthPNqE6oYykcogW0l/jfpJdjYnuNl8R7yI9pNbE1XiUeyq0Aw==}
    cpu: [ppc64]
    os: [linux]
    libc: [glibc]

  '@img/sharp-libvips-linux-riscv64@1.3.2':
    resolution: {integrity: sha512-bsb4rI+NldGOsXuej2r8OdSS8+zXDVaCWxyWrcv6kneTOlgAHtZABRzBBCwdsPiD90J4myNJuHpg6kA20ImW/w==}
    cpu: [riscv64]
    os: [linux]
    libc: [glibc]

  '@img/sharp-libvips-linux-s390x@1.3.2':
    resolution: {integrity: sha512-/ABshyj8gCpyIrNXnHn4LorDJ0HHm1VhXPBlxZ8zAtfVPAaSafXPGn+sUSIRiwaSBy0mmFjSjiXI5mkcwdChKQ==}
    cpu: [s390x]
    os: [linux]
    libc: [glibc]

  '@img/sharp-libvips-linux-x64@1.3.2':
    resolution: {integrity: sha512-ITPEtgffGJ0S6G9dRyw/366tJQqFRcHWPHhC+Stpg3Z8AEMrDrTr2lhdz4f/Y/HMbRh//7Z5mBzEpVdi62Oc3w==}
    cpu: [x64]
    os: [linux]
    libc: [glibc]

  '@img/sharp-libvips-linuxmusl-arm64@1.3.2':
    resolution: {integrity: sha512-zE9EdiUzUmg5mDT5a1rk5fYJ6GWPloTwWBYDS14naqHsL+EaMpDj1AWnpLgh3u0YCORv2Tt50wrcrpYqkP97Kw==}
    cpu: [arm64]
    os: [linux]
    libc: [musl]

  '@img/sharp-libvips-linuxmusl-x64@1.3.2':
    resolution: {integrity: sha512-m0lrLiUt+lBYnCFr8qV/65yMR4E/c7/wf78I5eKTdkEakFAlZ9QlzEM3QIhhAwVeUhLAHLcCq7a7Vszq/oFNZQ==}
    cpu: [x64]
    os: [linux]
    libc: [musl]

  '@img/sharp-linux-arm64@0.35.3':
    resolution: {integrity: sha512-QgKDspHPnrU+GQ55XPhGwyhC8acLVOOSyAvo1oVfFmrIXLkDNmGWzAfDZ4xK8oSA1qBQrALcHX0G5UZni/SuFQ==}
    engines: {node: '>=20.9.0'}
    cpu: [arm64]
    os: [linux]
    libc: [glibc]

  '@img/sharp-linux-arm@0.35.3':
    resolution: {integrity: sha512-affVWCTLooy8TSxbDx2qkzuDeaWLNVBA+P//FNBirHsXpP2fuBhk5AuboYUnrDnzoXes8GFjpTx0SBFOCRg+FA==}
    engines: {node: '>=20.9.0'}
    cpu: [arm]
    os: [linux]
    libc: [glibc]

  '@img/sharp-linux-ppc64@0.35.3':
    resolution: {integrity: sha512-sMd8rDxmpLOwv/7N44klFjOD5DUO7FLdjiXDI0hoxYaf7Ar262dQIEkosE98bps+5HPLtp/EvNqeqQtOycP/IA==}
    engines: {node: '>=20.9.0'}
    cpu: [ppc64]
    os: [linux]
    libc: [glibc]

  '@img/sharp-linux-riscv64@0.35.3':
    resolution: {integrity: sha512-0Eob78yjlYPfL5vMNWAW55l3R9Y6BQS/gOfe0ZcP9mEz9ohhKSt4im1hayiknXgf8AWrFqMvJcKIdmLmEe7yeQ==}
    engines: {node: '>=20.9.0'}
    cpu: [riscv64]
    os: [linux]
    libc: [glibc]

  '@img/sharp-linux-s390x@0.35.3':
    resolution: {integrity: sha512-KgAxQ0DxpNOq1rG2t5cgTgShJFGSuU7XO45cqC+1NVOuZnP6tlgZRuSYOfNupGkHID0o3cJOsw4DVeJpMovcGw==}
    engines: {node: '>=20.9.0'}
    cpu: [s390x]
    os: [linux]
    libc: [glibc]

  '@img/sharp-linux-x64@0.35.3':
    resolution: {integrity: sha512-8pqvxubL2PGdhlPy6GLqzDYMUjyRmKAwKHYKixpdJYBUK7PJ0C029XdsnpFIdgRZG68fZiGdHVWcKPvtiPB4cA==}
    engines: {node: '>=20.9.0'}
    cpu: [x64]
    os: [linux]
    libc: [glibc]

  '@img/sharp-linuxmusl-arm64@0.35.3':
    resolution: {integrity: sha512-Vz0iQjzzcSX3HCbfwFfCSG/9SCIqyO0mH2sXyiHaAYfBk0cRsCWXRyQYX0ovCK/PAQBbTzQ0dsPQHh5MAFL59w==}
    engines: {node: '>=20.9.0'}
    cpu: [arm64]
    os: [linux]
    libc: [musl]

  '@img/sharp-linuxmusl-x64@0.35.3':
    resolution: {integrity: sha512-6O1NPKcDVj9QEdg7Hx549EX8U0rp6yXQERqru6yRN7fGBn32UvIRJUlWnk+8xDCiG76hXVBbX82NZ/ZKr0euIg==}
    engines: {node: '>=20.9.0'}
    cpu: [x64]
    os: [linux]
    libc: [musl]

  '@img/sharp-wasm32@0.35.3':
    resolution: {integrity: sha512-cZ0XkcYGpHZkqW6iCkqTcmUC0CD9DhD5d/qeZlZkfRBn6GnHniZXLUo5+9xw8Iv76YE6LQFN9YNBlKREcCG76w==}
    engines: {node: '>=20.9.0'}

  '@img/sharp-webcontainers-wasm32@0.35.3':
    resolution: {integrity: sha512-2rnq7bX3NzeR2T4YWgz8qiG4h3TSdMe+vN1iQXpJleSJ3SM5zQ8Fy2SyyXAWlbxpEZ2Y+Z4u1BePgJEYbSy80Q==}
    engines: {node: '>=20.9.0'}
    cpu: [wasm32]

  '@img/sharp-win32-arm64@0.35.3':
    resolution: {integrity: sha512-4bPwFdMbeC4JQ8L8LOyWp6nsHcboP5fxkp6iPOXz2Vg49R42TuMs2whkJ5OAP4/Ul035qOzy0AecOF9VOscn4w==}
    engines: {node: '>=20.9.0'}
    cpu: [arm64]
    os: [win32]

  '@img/sharp-win32-ia32@0.35.3':
    resolution: {integrity: sha512-r53mXsBN6lFUDiST764SvgwUdHAqM4rPAiDzAmf4fLoB6X/rkfyTrLCg6+g17wJJiCmB3JYgHuUldCWUIRFSXw==}
    engines: {node: ^20.9.0}
    cpu: [ia32]
    os: [win32]

  '@img/sharp-win32-x64@0.35.3':
    resolution: {integrity: sha512-D4y1vNeZrIIJCN+uHaWVtH86B+aCrdMYYjicy9pXHvbGZeGYLLSd3wdVuC37FxVXlU1ARsk84eKWfWMXGYEqvA==}
    engines: {node: '>=20.9.0'}
    cpu: [x64]
    os: [win32]

  '@jridgewell/gen-mapping@0.3.13':
    resolution: {integrity: sha512-2kkt/7niJ6MgEPxF0bYdQ6etZaA+fQvDcLKckhy1yIQOzaoKjBBjSj63/aLVjYE3qhRt5dvM+uUyfCg6UKCBbA==}

  '@jridgewell/remapping@2.3.5':
    resolution: {integrity: sha512-LI9u/+laYG4Ds1TDKSJW2YPrIlcVYOwi2fUC6xB43lueCjgxV4lffOCZCtYFiH6TNOX+tQKXx97T4IKHbhyHEQ==}

  '@jridgewell/resolve-uri@3.1.2':
    resolution: {integrity: sha512-bRISgCIjP20/tbWSPWMEi54QVPRZExkuD9lJL+UIxUKtwVJA8wW1Trb1jMs1RFXo1CBTNZ/5hpC9QvmKWdopKw==}
    engines: {node: '>=6.0.0'}

  '@jridgewell/sourcemap-codec@1.5.5':
    resolution: {integrity: sha512-cYQ9310grqxueWbl+WuIUIaiUaDcj7WOq5fVhEljNVgRfOUhY9fy2zTvfoqWsnebh8Sl70VScFbICvJnLKB0Og==}

  '@jridgewwã~ú¶‰žËkºwµçy¥•Ìè(€€€€€å…±±¥ÍÐè€Ì¸Ä¸Ä((€µ…Ñ µ¥¹ÑÉ¥¹Í¥Í Ä¸Ä¸Àèíô((€µ•É”É Ä¸Ð¸Äèíô((€µ¥É½µ…Ñ¡ Ð¸À¸àè(€€€‘•Á•¹‘•¹¥•Ìè(€€€€€‰É…•Ìè€Ì¸À¸Ì(€€€€€Á¥½µ…Ñ è€È¸Ì¸È((€µ¥¹¥µ…Ñ¡ ÄÀ¸È¸Øè(€€€‘•Á•¹‘•¹¥•Ìè(€€€€€‰É…”µ•áÁ…¹Í¥½¸è€Ô¸À¸ä((€µ¥¹¥µ…Ñ¡ Ì¸Ä¸Ôè(€€€‘•Á•¹‘•¹¥•Ìè(€€€€€‰É…”µ•áÁ…¹Í¥½¸è€Ä¸Ä¸Äà((€µ¥¹¥µ¥ÍÑ Ä¸È¸àèíô((€µÍ È¸Ä¸Ìèíô((€¹…¹½¥‘ Ì¸Ì¸Äàèíô((€¹…Á¤µÁ½ÍÑ¥¹ÍÑ…±± À¸Ì¸Ðèíô((€¹…ÑÕÉ…°µ½µÁ…É• Ä¸Ð¸Àèíô((€¹•áÑ ÄØ¸Ì¸À¡‰…‰•°½½É• Ü¸Èä¸Ü¡ÍÕÁÁ½ÉÑÌµ½±½É Ü¸È¸À¤¤¡ÑåÁ•Ì½¹½‘• ÈÈ¸ÈÀ¸Ä¤¡É•…Ðµ‘½µ Ää¸È¸à¡É•…Ñ Ää¸È¸à¤¤¡É•…Ñ Ää¸È¸à¤è(€€€‘•Á•¹‘•¹¥•Ìè(€€€€€€¹•áÐ½•¹Øœè€ÄØ¸Ì¸À(€€€€€€ÍÝŒ½¡•±Á•ÉÌœè€À¸Ô¸ÄÔ(€€€€€‰…Í•±¥¹”µ‰É½ÝÍ•Èµµ…ÁÁ¥¹œè€È¸ÄÄ¸ÄÌ(€€€€€…¹¥ÕÍ”µ±¥Ñ”è€Ä¸À¸ÌÀÀÀÄàÀä(€€€€€Á½ÍÑÍÌè€à¸Ô¸ÈÌ(€€€€€É•…Ðè€Ää¸È¸à(€€€€€É•…Ðµ‘½´è€Ää¸È¸à¡É•…Ñ Ää¸È¸à¤(€€€€€ÍÑå±•µ©Íàè€Ô¸Ä¸Ø¡‰…‰•°½½É• Ü¸Èä¸Ü¡ÍÕÁÁ½ÉÑÌµ½±½É Ü¸È¸À¤¤¡É•…Ñ Ää¸È¸à¤(€€€½ÁÑ¥½¹…±•Á•¹‘•¹¥•Ìè(€€€€€€¹•áÐ½ÍÝŒµ‘…ÉÝ¥¸µ…É´ØÐœè€ÄØ¸Ì¸À(€€€€€€¹•áÐ½ÍÝŒµ‘…ÉÝ¥¸µàØÐœè€ÄØ¸Ì¸À(€€€€€€¹•áÐ½ÍÝŒµ±¥¹Õàµ…É´ØÐµ¹Ôœè€ÄØ¸Ì¸À(€€€€€€¹•áÐ½ÍÝŒµ±¥¹Õàµ…É´ØÐµµÕÍ°œè€ÄØ¸Ì¸À(€€€€€€¹•áÐ½ÍÝŒµ±¥¹ÕàµàØÐµ¹Ôœè€ÄØ¸Ì¸À(€€€€€€¹•áÐ½ÍÝŒµ±¥¹ÕàµàØÐµµÕÍ°œè€ÄØ¸Ì¸À(€€€€€€¹•áÐ½ÍÝŒµÝ¥¸ÌÈµ…É´ØÐµµÍÙŒœè€ÄØ¸Ì¸À(€€€€€€¹•áÐ½ÍÝŒµÝ¥¸ÌÈµàØÐµµÍÙŒœè€ÄØ¸Ì¸À(€€€€€Í¡…ÉÀè€À¸ÌÔ¸Ì¡ÑåÁ•Ì½¹½‘• ÈÈ¸ÈÀ¸Ä¤(€€€ÑÉ…¹Í¥Ñ¥Ù•A••É•Á•¹‘•¹¥•Ìè(€€€€€€´€‰…‰•°½½É”œ(€€€€€€´€ÑåÁ•Ì½¹½‘”œ(€€€€€€´‰…‰•°µÁ±Õ¥¸µµ…É½Ì((€¹½‘”µ•áÁ½ÉÑÌµ¥¹™½ Ä¸Ø¸Èè(€€€‘•Á•¹‘•¹¥•Ìè(€€€€€…ÉÉ…ä¹ÁÉ½Ñ½ÑåÁ”¹™±…Ñµ…Àè€Ä¸Ì¸Ì(€€€€€•Ìµ•ÉÉ½ÉÌè€Ä¸Ì¸À(€€€€€½‰©•Ð¹•¹ÑÉ¥•Ìè€Ä¸Ä¸ä(€€€€€Í•µÙ•Èè€Ø¸Ì¸Ä((€¹½‘”µÉ•±•…Í•Í È¸À¸ÔÌèíô((€½‰©•Ðµ…ÍÍ¥¹ Ð¸Ä¸Äèíô((€½‰©•Ðµ¥¹ÍÁ•Ñ Ä¸ÄÌ¸Ðèíô((€½‰©•Ðµ­•åÍ Ä¸Ä¸Äèíô((€½‰©•Ð¹…ÍÍ¥¹ Ð¸Ä¸Üè(€€€‘•Á•¹‘•¹¥•Ìè(€€€€€…±°µ‰¥¹è€Ä¸À¸ä(€€€€€…±°µ‰½Õ¹è€Ä¸À¸Ð(€€€€€‘•™¥¹”µÁÉ½Á•ÉÑ¥•Ìè€Ä¸È¸Ä(€€€€€•Ìµ½‰©•Ðµ…Ñ½µÌè€Ä¸Ä¸È(€€€€€¡…ÌµÍåµ‰½±Ìè€Ä¸Ä¸À(€€€€€½‰©•Ðµ­•åÌè€Ä¸Ä¸Ä((€½‰©•Ð¹•¹ÑÉ¥•Í Ä¸Ä¸äè(€€€‘•Á•¹‘•¹¥•Ìè(€€€€€…±°µ‰¥¹è€Ä¸À¸ä(€€€€€…±°µ‰½Õ¹è€Ä¸À¸Ð(€€€€€‘•™¥¹”µÁÉ½Á•ÉÑ¥•Ìè€Ä¸È¸Ä(€€€€€•Ìµ½‰©•Ðµ…Ñ½µÌè€Ä¸Ä¸È((€½‰©•Ð¹™É½µ•¹ÑÉ¥•Í È¸À¸àè(€€€‘•Á•¹‘•¹¥•Ìè(€€€€€…±°µ‰¥¹è€Ä¸À¸ä(€€€€€‘•™¥¹”µÁÉ½Á•ÉÑ¥•Ìè€Ä¸È¸Ä(€€€€€•Ìµ…‰ÍÑÉ…Ðè€Ä¸ÈÐ¸È(€€€€€•Ìµ½‰©•Ðµ…Ñ½µÌè€Ä¸Ä¸È((€½‰©•Ð¹É½ÕÁ‰å Ä¸À¸Ìè(€€€‘•Á•¹‘•¹¥•Ìè(€€€€€…±°µ‰¥¹è€Ä¸À¸ä(€€€€€‘•™¥¹”µÁÉ½Á•ÉÑ¥•Ìè€Ä¸È¸Ä(€€€€€•Ìµ…‰ÍÑÉ…Ðè€Ä¸ÈÐ¸È((€½‰©•Ð¹Ù…±Õ•Í Ä¸È¸Äè(€€€‘•Á•¹‘•¹¥•Ìè(€€€€€…±°µ‰¥¹è€Ä¸À¸ä(€€€€€…±°µ‰½Õ¹è€Ä¸À¸Ð(€€€€€‘•™¥¹”µÁÉ½Á•ÉÑ¥•Ìè€Ä¸È¸Ä(€€€€€•Ìµ½‰©•Ðµ…Ñ½µÌè€Ä¸Ä¸È((€½ÁÑ¥½¹…Ñ½É À¸ä¸Ðè(€€€‘•Á•¹‘•¹¥•Ìè(€€€€€‘••Àµ¥Ìè€À¸Ä¸Ð(€€€€€™…ÍÐµ±•Ù•¹Í¡Ñ•¥¸è€È¸À¸Ø(€€€€€±•Ù¸è€À¸Ð¸Ä(€€€€€ÁÉ•±Õ‘”µ±Ìè€Ä¸È¸Ä(€€€€€ÑåÁ”µ¡•¬è€À¸Ð¸À(€€€€€Ý½ÉµÝÉ…Àè€Ä¸È¸Ô((€½Ý¸µ­•åÍ Ä¸À¸Èè(€€€‘•Á•¹‘•¹¥•Ìè(€€€€€…±°µ‰½Õ¹è€Ä¸À¸Ð(€€€€€•Ðµ¥¹ÑÉ¥¹Í¥Œè€Ä¸Ì¸À(€€€€€½‰©•Ðµ­•åÌè€Ä¸Ä¸Ä(€€€€€Í…™”µÁÕÍ µ…ÁÁ±äè€Ä¸À¸À((€Àµ±¥µ¥Ñ Ì¸Ä¸Àè(€€€‘•Á•¹‘•¹¥•Ìè(€€€€€å½Ñ¼µÅÕ•Õ”è€À¸Ä¸À((€Àµ±½…Ñ• Ô¸À¸Àè(€€€‘•Á•¹‘•¹¥•Ìè(€€€€€Àµ±¥µ¥Ðè€Ì¸Ä¸À((€Á…É•¹Ðµµ½‘Õ±• Ä¸À¸Äè(€€€‘•Á•¹‘•¹¥•Ìè(€€€€€…±±Í¥Ñ•Ìè€Ì¸Ä¸À((€Á…Ñ µ•á¥ÍÑÍ Ð¸À¸Àèíô((€Á…Ñ µ­•å Ì¸Ä¸Äèíô((€Á…Ñ µÁ…ÉÍ• Ä¸À¸Üèíô((€Á¥½½±½ÉÍ Ä¸Ä¸Äèíô((€Á¥½µ…Ñ¡ È¸Ì¸Èèíô((€Á¥½µ…Ñ¡ Ð¸À¸Ôèíô((€Á½ÍÍ¥‰±”µÑåÁ•µ…ÉÉ…äµ¹…µ•Í Ä¸Ä¸Àèíô((€Á½ÍÑÍÍ à¸Ô¸ÈÌè(€€€‘•Á•¹‘•¹¥•Ìè(€€€€€¹…¹½¥è€Ì¸Ì¸Äà(€€€€€Á¥½½±½ÉÌè€Ä¸Ä¸Ä(€€€€€Í½ÕÉ”µµ…Àµ©Ìè€Ä¸È¸Ä((€ÁÉ•±Õ‘”µ±Í Ä¸È¸Äèíô((€ÁÉ½ÀµÑåÁ•Í ÄÔ¸à¸Äè(€€€‘•Á•¹‘•¹¥•Ìè(€€€€€±½½Í”µ•¹Ù¥™äè€Ä¸Ð¸À(€€€€€½‰©•Ðµ…ÍÍ¥¸è€Ð¸Ä¸Ä(€€€€€É•…Ðµ¥Ìè€ÄØ¸ÄÌ¸Ä((€ÁÕ¹å½‘• È¸Ì¸Äèíô((€ÅÕ•Õ”µµ¥É½Ñ…Í­ Ä¸È¸Ìèíô((€É•…Ðµ‘½µ Ää¸È¸à¡É•…Ñ Ää¸È¸à¤è(€€€‘•Á•¹‘•¹¥•Ìè(€€€€€É•…Ðè€Ää¸È¸à(€€€€€Í¡•‘Õ±•Èè€À¸ÈÜ¸À((€É•…Ðµ¥Í ÄØ¸ÄÌ¸Äèíô((€É•…Ñ Ää¸È¸àèíô((€É•™±•Ð¹•ÑÁÉ½Ñ½ÑåÁ•½™ Ä¸À¸ÄÀè(€€€‘•Á•¹‘•¹¥•Ìè(€€€€€…±°µ‰¥¹è€Ä¸À¸ä(€€€€€‘•™¥¹”µÁÉ½Á•ÉÑ¥•Ìè€Ä¸È¸Ä(€€€€€•Ìµ…‰ÍÑÉ…Ðè€Ä¸ÈÐ¸È(€€€€€•Ìµ•ÉÉ½ÉÌè€Ä¸Ì¸À(€€€€€•Ìµ½‰©•Ðµ…Ñ½µÌè€Ä¸Ä¸È(€€€€€•Ðµ¥¹ÑÉ¥¹Í¥Œè€Ä¸Ì¸À(€€€€€•ÐµÁÉ½Ñ¼è€Ä¸À¸Ä(€€€€€Ý¡¥ µ‰Õ¥±Ñ¥¸µÑåÁ”è€Ä¸È¸Ä((€É••áÀ¹ÁÉ½Ñ½ÑåÁ”¹™±…Í Ä¸Ô¸Ðè(€€€‘•Á•¹‘•¹¥•Ìè(€€€€€…±°µ‰¥¹è€Ä¸À¸ä(€€€€€‘•™¥¹”µÁÉ½Á•ÉÑ¥•Ìè€Ä¸È¸Ä(€€€€€•Ìµ•ÉÉ½ÉÌè€Ä¸Ì¸À(€€€€€•ÐµÁÉ½Ñ¼è€Ä¸À¸Ä(€€€€€½Áè€Ä¸È¸À(€€€€€Í•Ðµ™Õ¹Ñ¥½¸µ¹…µ”è€È¸À¸È((€É•Í½±Ù”µ™É½µ Ð¸À¸Àèíô((€É•Í½±Ù”µÁ­œµµ…ÁÍ Ä¸À¸Àèíô((€É•Í½±Ù• È¸À¸Àµ¹•áÐ¸Üè(€€€‘•Á•¹‘•¹¥•Ìè(€€€€€•Ìµ•ÉÉ½ÉÌè€Ä¸Ì¸À(€€€€€¥Ìµ½É”µµ½‘Õ±”è€È¸ÄØ¸È(€€€€€¹½‘”µ•áÁ½ÉÑÌµ¥¹™¼è€Ä¸Ø¸È(€€€€€½‰©•Ðµ­•åÌè€Ä¸Ä¸Ä(€€€€€Á…Ñ µÁ…ÉÍ”è€Ä¸À¸Ü(€€€€€ÍÕÁÁ½ÉÑÌµÁÉ•Í•ÉÙ”µÍåµ±¥¹­Ìµ™±…œè€Ä¸À¸À((€É•ÕÍ¥™å Ä¸Ä¸Àèíô((€ÉÕ¸µÁ…É…±±•± Ä¸È¸Àè(€€€‘•Á•¹‘•¹¥•Ìè(€€€€€ÅÕ•Õ”µµ¥É½Ñ…Í¬è€Ä¸È¸Ì((€Í…™”µ…ÉÉ…äµ½¹…Ñ Ä¸Ä¸Ðè(€€€‘•Á•¹‘•¹¥•Ìè(€€€€€…±°µ‰¥¹è€Ä¸À¸ä(€€€€€…±°µ‰½Õ¹è€Ä¸À¸Ð(€€€€€•Ðµ¥¹ÑÉ¥¹Í¥Œè€Ä¸Ì¸À(€€€€€¡…ÌµÍåµ‰½±Ìè€Ä¸Ä¸À(€€€€€¥Í…ÉÉ…äè€È¸À¸Ô((€Í…™”µÁÕÍ µ…ÁÁ±å Ä¸À¸Àè(€€€‘•Á•¹‘•¹¥•Ìè(€€€€€•Ìµ•ÉÉ½ÉÌè€Ä¸Ì¸À(€€€€€¥Í…ÉÉ…äè€È¸À¸Ô((€Í…™”µÉ••àµÑ•ÍÑ Ä¸Ä¸Àè(€€€‘•Á•¹‘•¹¥•Ìè(€€€€€…±°µ‰½Õ¹è€Ä¸À¸Ð(€€€€€•Ìµ•ÉÉ½ÉÌè€Ä¸Ì¸À(€€€€€¥ÌµÉ••àè€Ä¸È¸Ä((€Í¡•‘Õ±•É À¸ÈÜ¸Àèíô((€Í•µÙ•É Ø¸Ì¸Äèíô((€Í•µÙ•É Ü¸à¸Ôèíô((€Í•Ðµ™Õ¹Ñ¥½¸µ±•¹Ñ¡ Ä¸È¸Èè(€€€‘•Á•¹‘•¹¥•Ìè(€€€€€‘•™¥¹”µ‘…Ñ„µÁÉ½Á•ÉÑäè€Ä¸Ä¸Ð(€€€€€•Ìµ•ÉÉ½ÉÌè€Ä¸Ì¸À(€€€€€™Õ¹Ñ¥½¸µ‰¥¹è€Ä¸Ä¸È(€€€€€•Ðµ¥¹ÑÉ¥¹Í¥Œè€Ä¸Ì¸À(€€€€€½Áè€Ä¸È¸À(€€€€€¡…ÌµÁÉ½Á•ÉÑäµ‘•ÍÉ¥ÁÑ½ÉÌè€Ä¸À¸È((€Í•Ðµ™Õ¹Ñ¥½¸µ¹…µ• È¸À¸Èè(€€€‘•Á•¹‘•¹¥•Ìè(€€€€€‘•™¥¹”µ‘…Ñ„µÁÉ½Á•ÉÑäè€Ä¸Ä¸Ð(€€€€€•Ìµ•ÉÉ½ÉÌè€Ä¸Ì¸À(€€€€€™Õ¹Ñ¥½¹Ìµ¡…Ù”µ¹…µ•Ìè€Ä¸È¸Ì(€€€€€¡…ÌµÁÉ½Á•ÉÑäµ‘•ÍÉ¥ÁÑ½ÉÌè€Ä¸À¸È((€Í•ÐµÁÉ½Ñ½ Ä¸À¸Àè(€€€‘•Á•¹‘•¹¥•Ìè(€€€€€‘Õ¹‘•ÈµÁÉ½Ñ¼è€Ä¸À¸Ä(€€€€€•Ìµ•ÉÉ½ÉÌè€Ä¸Ì¸À(€€€€€•Ìµ½‰©•Ðµ…Ñ½µÌè€Ä¸Ä¸È((€Í¡…ÉÁ À¸ÌÔ¸Ì¡ÑåÁ•Ì½¹½‘• ÈÈ¸ÈÀ¸Ä¤è(€€€‘•Á•¹‘•¹¥•Ìè(€€€€€€¥µœ½½±½ÕÈœè€Ä¸Ä¸À(€€€€€‘•Ñ•Ðµ±¥‰Œè€È¸Ä¸È(€€€€€Í•µÙ•Èè€Ü¸à¸Ô(€€€½ÁÑ¥½¹…±•Á•¹‘•¹¥•Ìè(€€€€€€¥µœ½Í¡…ÉÀµ‘…ÉÝ¥¸µ…É´ØÐœè€À¸ÌÔ¸Ì(€€€€€€¥µœ½Í¡…ÉÀµ‘…ÉÝ¥¸µàØÐœè€À¸ÌÔ¸Ì(€€€€€€¥µœ½Í¡…ÉÀµ™É••‰ÍµÝ…Í´ÌÈœè€À¸ÌÔ¸Ì(€€€€€€¥µœ½Í¡…ÉÀµ±¥‰Ù¥ÁÌµ‘…ÉÝ¥¸µ…É´ØÐœè€Ä¸Ì¸È(€€€€€€¥µœ½Í¡…ÉÀµ±¥‰Ù¥ÁÌµ‘…ÉÝ¥¸µàØÐœè€Ä¸Ì¸È(€€€€€€¥µœ½Í¡…ÉÀµ±¥‰Ù¥ÁÌµ±¥¹Õàµ…É´œè€Ä¸Ì¸È(€€€€€€¥µœ½Í¡…ÉÀµ±¥‰Ù¥ÁÌµ±¥¹Õàµ…É´ØÐœè€Ä¸Ì¸È(€€€€€€¥µœ½Í¡…ÉÀµ±¥‰Ù¥ÁÌµ±¥¹ÕàµÁÁŒØÐœè€Ä¸Ì¸È(€€€€€€¥µœ½Í¡…ÉÀµ±¥‰Ù¥ÁÌµ±¥¹ÕàµÉ¥ÍØØÐœè€Ä¸Ì¸È(€€€€€€¥µœ½Í¡…ÉÀµ±¥‰Ù¥ÁÌµ±¥¹ÕàµÌÌäÁàœè€Ä¸Ì¸È(€€€€€€¥µœ½Í¡…ÉÀµ±¥‰Ù¥ÁÌµ±¥¹ÕàµàØÐœè€Ä¸Ì¸È(€€€€€€¥µœ½Í¡…ÉÀµ±¥‰Ù¥ÁÌµ±¥¹ÕáµÕÍ°µ…É´ØÐœè€Ä¸Ì¸È(€€€€€€¥µœ½Í¡…ÉÀµ±¥‰Ù¥ÁÌµ±¥¹ÕáµÕÍ°µàØÐœè€Ä¸Ì¸È(€€€€€€¥µœ½Í¡…ÉÀµ±¥¹Õàµ…É´œè€À¸ÌÔ¸Ì(€€€€€€¥µœ½Í¡…ÉÀµ±¥¹Õàµ…É´ØÐœè€À¸ÌÔ¸Ì(€€€€€€¥µœ½Í¡…ÉÀµ±¥¹ÕàµÁÁŒØÐœè€À¸ÌÔ¸Ì(€€€€€€¥µœ½Í¡…ÉÀµ±¥¹ÕàµÉ¥ÍØØÐœè€À¸ÌÔ¸Ì(€€€€€€¥µœ½Í¡…ÉÀµ±¥¹ÕàµÌÌäÁàœè€À¸ÌÔ¸Ì(€€€€€€¥µœ½Í¡…ÉÀµ±¥¹ÕàµàØÐœè€À¸ÌÔ¸Ì(€€€€€€¥µœ½Í¡…ÉÀµ±¥¹ÕáµÕÍ°µ…É´ØÐœè€À¸ÌÔ¸Ì(€€€€€€¥µœ½Í¡…ÉÀµ±¥¹ÕáµÕÍ°µàØÐœè€À¸ÌÔ¸Ì(€€€€€€¥µœ½Í¡…ÉÀµÝ•‰½¹Ñ…¥¹•ÉÌµÝ…Í´ÌÈœè€À¸ÌÔ¸Ì(€€€€€€¥µœ½Í¡…ÉÀµÝ¥¸ÌÈµ…É´ØÐœè€À¸ÌÔ¸Ì(€€€€€€¥µœ½Í¡…ÉÀµÝ¥¸ÌÈµ¥„ÌÈœè€À¸ÌÔ¸Ì(€€€€€€¥µœ½Í¡…ÉÀµÝ¥¸ÌÈµàØÐœè€À¸ÌÔ¸Ì(€€€€€€ÑåÁ•Ì½¹½‘”œè€ÈÈ¸ÈÀ¸Ä(€€€½ÁÑ¥½¹…°èÑÉÕ”((€Í¡•‰…¹œµ½µµ…¹‘ È¸À¸Àè(€€€‘•Á•¹‘•¹¥•Ìè(€€€€€Í¡•‰…¹œµÉ••àè€Ì¸À¸À((€Í¡•‰…¹œµÉ••á Ì¸À¸Àèíô((€Í¥‘”µ¡…¹¹•°µ±¥ÍÑ Ä¸À¸Äè(€€€‘•Á•¹‘•¹¥•Ìè(€€€€€•Ìµ•ÉÉ½ÉÌè€Ä¸Ì¸À(€€€€€½‰©•Ðµ¥¹ÍÁ•Ðè€Ä¸ÄÌ¸Ð((€Í¥‘”µ¡…¹¹•°µµ…Á Ä¸À¸Äè(€€€‘•Á•¹‘•¹¥•Ìè(€€€€€…±°µ‰½Õ¹è€Ä¸À¸Ð(€€€€€•Ìµ•ÉÉ½ÉÌè€Ä¸Ì¸À(€€€€€•Ðµ¥¹ÑÉ¥¹Í¥Œè€Ä¸Ì¸À(€€€€€½‰©•Ðµ¥¹ÍÁ•Ðè€Ä¸ÄÌ¸Ð((€Í¥‘”µ¡…¹¹•°µÝ•…­µ…Á Ä¸À¸Èè(€€€‘•Á•¹‘•¹¥•Ìè(€€€€€…±°µ‰½Õ¹è€Ä¸À¸Ð(€€€€€•Ìµ•ÉÉ½ÉÌè€Ä¸Ì¸À(€€€€€•Ðµ¥¹ÑÉ¥¹Í¥Œè€Ä¸Ì¸À(€€€€€½‰©•Ðµ¥¹ÍÁ•Ðè€Ä¸ÄÌ¸Ð(€€€€€Í¥‘”µ¡…¹¹•°µµ…Àè€Ä¸À¸Ä((€Í¥‘”µ¡…¹¹•± Ä¸Ä¸Äè(€€€‘•Á•¹‘•¹¥•Ìè(€€€€€•Ìµ•ÉÉ½ÉÌè€Ä¸Ì¸À(€€€€€½‰©•Ðµ¥¹ÍÁ•Ðè€Ä¸ÄÌ¸Ð(€€€€€Í¥‘”µ¡…¹¹•°µ±¥ÍÐè€Ä¸À¸Ä(€€€€€Í¥‘”µ¡…¹¹•°µµ…Àè€Ä¸À¸Ä(€€€€€Í¥‘”µ¡…¹¹•°µÝ•…­µ…Àè€Ä¸À¸È((€Í½ÕÉ”µµ…Àµ©Í Ä¸È¸Äèíô((€ÍÑ…‰±”µ¡…Í¡ À¸À¸Ôèíô((€ÍÑ½Àµ¥Ñ•É…Ñ¥½¸µ¥Ñ•É…Ñ½É Ä¸Ä¸Àè(€€€‘•Á•¹‘•¹¥•Ìè(€€€€€•Ìµ•ÉÉ½ÉÌè€Ä¸Ì¸À(€€€€€¥¹Ñ•É¹…°µÍ±½Ðè€Ä¸Ä¸À((€ÍÑÉ¥¹œ¹ÁÉ½Ñ½ÑåÁ”¹¥¹±Õ‘•Í È¸À¸Äè(€€€‘•Á•¹‘•¹¥•Ìè(€€€€€…±°µ‰¥¹è€Ä¸À¸ä(€€€€€‘•™¥¹”µÁÉ½Á•ÉÑ¥•Ìè€Ä¸È¸Ä(€€€€€•Ìµ…‰ÍÑÉ…Ðè€Ä¸ÈÐ¸È((€ÍÑÉ¥¹œ¹ÁÉ½Ñ½ÑåÁ”¹µ…Ñ¡…±± Ð¸À¸ÄÈè(€€€‘•Á•¹‘•¹¥•Ìè(€€€€€…±°µ‰¥¹è€Ä¸À¸ä(€€€€€…±°µ‰½Õ¹è€Ä¸À¸Ð(€€€€€‘•™¥¹”µÁÉ½Á•ÉÑ¥•Ìè€Ä¸È¸Ä(€€€€€•Ìµ…‰ÍÑÉ…Ðè€Ä¸ÈÐ¸È(€€€€€•Ìµ•ÉÉ½ÉÌè€Ä¸Ì¸À(€€€€€•Ìµ½‰©•Ðµ…Ñ½µÌè€Ä¸Ä¸È(€€€€€•Ðµ¥¹ÑÉ¥¹Í¥Œè€Ä¸Ì¸À(€€€€€½Áè€Ä¸È¸À(€€€€€¡…ÌµÍåµ‰½±Ìè€Ä¸Ä¸À(€€€€€¥¹Ñ•É¹…°µÍ±½Ðè€Ä¸Ä¸À(€€€€€É••áÀ¹ÁÉ½Ñ½ÑåÁ”¹™±…Ìè€Ä¸Ô¸Ð(€€€€€Í•Ðµ™Õ¹Ñ¥½¸µ¹…µ”è€È¸À¸È(€€€€€Í¥‘”µ¡…¹¹•°è€Ä¸Ä¸Ä((€ÍÑÉ¥¹œ¹ÁÉ½Ñ½ÑåÁ”¹É•Á•…Ñ Ä¸À¸Àè(€€€‘•Á•¹‘•¹¥•Ìè(€€€€€‘•™¥¹”µÁÉ½Á•ÉÑ¥•Ìè€Ä¸È¸Ä(€€€€€•Ìµ…‰ÍÑÉ…Ðè€Ä¸ÈÐ¸È((€ÍÑÉ¥¹œ¹ÁÉ½Ñ½ÑåÁ”¹ÑÉ¥µ Ä¸È¸ÄÄè(€€€‘•Á•¹‘•¹¥•Ìè(€€€€€…±°µ‰¥¹è€Ä¸À¸ä(€€€€€…±°µ‰½Õ¹è€Ä¸À¸Ð(€€€€€‘•™¥¹”µ‘…Ñ„µÁÉ½Á•ÉÑäè€Ä¸Ä¸Ð(€€€€€‘•™¥¹”µÁÉ½Á•ÉÑ¥•Ìè€Ä¸È¸Ä(€€€€€•Ìµ…‰ÍÑÉ…Ðè€Ä¸ÈÐ¸È(€€€€€•Ìµ½‰©•Ðµ…Ñ½µÌè€Ä¸Ä¸È(€€€€€¡…ÌµÁÉ½Á•ÉÑäµ‘•ÍÉ¥ÁÑ½ÉÌè€Ä¸À¸È(€€€€€Í…™”µÉ••àµÑ•ÍÐè€Ä¸Ä¸À((€ÍÑÉ¥¹œ¹ÁÉ½Ñ½ÑåÁ”¹ÑÉ¥µ•¹‘ Ä¸À¸ÄÀè(€€€‘•Á•¹‘•¹¥•Ìè(€€€€€…±°µ‰¥¹è€Ä¸À¸ä(€€€€€…±°µ‰½Õ¹è€Ä¸À¸Ð(€€€€€‘•™¥¹”µÁÉ½Á•ÉÑ¥•Ìè€Ä¸È¸Ä(€€€€€•Ìµ½‰©•Ðµ…Ñ½µÌè€Ä¸Ä¸È((€ÍÑÉ¥¹œ¹ÁÉ½Ñ½ÑåÁ”¹ÑÉ¥µÍÑ…ÉÑ Ä¸À¸àè(€€€‘•Á•¹‘•¹¥•Ìè(€€€€€…±°µ‰¥¹è€Ä¸À¸ä(€€€€€‘•™¥¹”µÁÉ½Á•ÉÑ¥•Ìè€Ä¸È¸Ä(€€€€€•Ìµ½‰©•Ðµ…Ñ½µÌè€Ä¸Ä¸È((€ÍÑÉ¥Àµ‰½µ Ì¸À¸Àèíô((€ÍÑÉ¥Àµ©Í½¸µ½µµ•¹ÑÍ Ì¸Ä¸Äèíô((€ÍÑå±•µ©Íá Ô¸Ä¸Ø¡‰…‰•°½½É• Ü¸Èä¸Ü¡ÍÕÁÁ½ÉÑÌµ½±½É Ü¸È¸À¤¤¡É•…Ñ Ää¸È¸à¤è(€€€‘•Á•¹‘•¹¥•Ìè(€€€€€±¥•¹Ðµ½¹±äè€À¸À¸Ä(€€€€€É•…Ðè€Ää¸È¸à(€€€½ÁÑ¥½¹…±•Á•¹‘•¹¥•Ìè(€€€€€€‰…‰•°½½É”œè€Ü¸Èä¸Ü¡ÍÕÁÁ½ÉÑÌµ½±½É Ü¸È¸À¤((€ÍÕÁÁ½ÉÑÌµ½±½É Ü¸È¸Àè(€€€‘•Á•¹‘•¹¥•Ìè(€€€€€¡…Ìµ™±…œè€Ð¸À¸À((€ÍÕÁÁ½ÉÑÌµÁÉ•Í•ÉÙ”µÍåµ±¥¹­Ìµ™±… Ä¸À¸Àèíô((€Ñ¥¹å±½‰‰å À¸È¸ÄÜè(€€€‘•Á•¹‘•¹¥•Ìè(€€€€€™‘¥Èè€Ø¸Ô¸À¡Á¥½µ…Ñ¡ Ð¸À¸Ô¤(€€€€€Á¥½µ…Ñ è€Ð¸À¸Ô((€Ñ¼µÉ••àµÉ…¹• Ô¸À¸Äè(€€€‘•Á•¹‘•¹¥•Ìè(€€€€€¥Ìµ¹Õµ‰•Èè€Ü¸À¸À((€ÑÌµ…Á¤µÕÑ¥±Í È¸Ô¸À¡ÑåÁ•ÍÉ¥ÁÑ Ô¸ä¸Ì¤è(€€€‘•Á•¹‘•¹¥•Ìè(€€€€€ÑåÁ•ÍÉ¥ÁÐè€Ô¸ä¸Ì((€ÑÍ½¹™¥œµÁ…Ñ¡Í Ì¸ÄÔ¸Àè(€€€‘•Á•¹‘•¹¥•Ìè(€€€€€€ÑåÁ•Ì½©Í½¸Ôœè€À¸À¸Èä(€€€€€©Í½¸Ôè€Ä¸À¸È(€€€€€µ¥¹¥µ¥ÍÐè€Ä¸È¸à(€€€€€ÍÑÉ¥Àµ‰½´è€Ì¸À¸À((€ÑÍ±¥‰ È¸à¸Äèíô((€ÑåÁ”µ¡•­ À¸Ð¸Àè(€€€‘•Á•¹‘•¹¥•Ìè(€€€€€ÁÉ•±Õ‘”µ±Ìè€Ä¸È¸Ä((€ÑåÁ•µ…ÉÉ…äµ‰Õ™™•É Ä¸À¸Ìè(€€€‘•Á•¹‘•¹¥•Ìè(€€€€€…±°µ‰½Õ¹è€Ä¸À¸Ð(€€€€€•Ìµ•ÉÉ½ÉÌè€Ä¸Ì¸À(€€€€€¥ÌµÑåÁ•µ…ÉÉ…äè€Ä¸Ä¸ÄÔ((€ÑåÁ•µ…ÉÉ…äµ‰åÑ”µ±•¹Ñ¡ Ä¸À¸Ìè(€€€‘•Á•¹‘•¹¥•Ìè(€€€€€…±°µ‰¥¹è€Ä¸À¸ä(€€€€€™½Èµ•… è€À¸Ì¸Ô(€€€€€½Áè€Ä¸È¸À(€€€€€¡…ÌµÁÉ½Ñ¼è€Ä¸È¸À(€€€€€¥ÌµÑåÁ•µ…ÉÉ…äè€Ä¸Ä¸ÄÔ((€ÑåÁ•µ…ÉÉ…äµ‰åÑ”µ½™™Í•Ñ Ä¸À¸Ðè(€€€‘•Á•¹‘•¹¥•Ìè(€€€€€…Ù…¥±…‰±”µÑåÁ•µ…ÉÉ…åÌè€Ä¸À¸Ü(€€€€€…±°µ‰¥¹è€Ä¸À¸ä(€€€€€™½Èµ•… è€À¸Ì¸Ô(€€€€€½Áè€Ä¸È¸À(€€€€€¡…ÌµÁÉ½Ñ¼è€Ä¸È¸À(€€€€€¥ÌµÑåÁ•µ…ÉÉ…äè€Ä¸Ä¸ÄÔ(€€€€€É•™±•Ð¹•ÑÁÉ½Ñ½ÑåÁ•½˜è€Ä¸À¸ÄÀ((€ÑåÁ•µ…ÉÉ…äµ±•¹Ñ¡ Ä¸À¸àè(€€€‘•Á•¹‘•¹¥•Ìè(€€€€€…±°µ‰¥¹è€Ä¸À¸ä(€€€€€™½Èµ•… è€À¸Ì¸Ô(€€€€€½Áè€Ä¸È¸À(€€€€€¥ÌµÑåÁ•µ…ÉÉ…äè€Ä¸Ä¸ÄÔ(€€€€€Á½ÍÍ¥‰±”µÑåÁ•µ…ÉÉ…äµ¹…µ•Ìè€Ä¸Ä¸À(€€€€€É•™±•Ð¹•ÑÁÉ½Ñ½ÑåÁ•½˜è€Ä¸À¸ÄÀ((€ÑåÁ•ÍÉ¥ÁÐµ•Í±¥¹Ñ à¸ØØ¸À¡•Í±¥¹Ñ ä¸Ìä¸Ô¡ÍÕÁÁ½ÉÑÌµ½±½É Ü¸È¸À¤¤¡ÍÕÁÁ½ÉÑÌµ½±½É Ü¸È¸À¤¡ÑåÁ•ÍÉ¥ÁÑ Ô¸ä¸Ì¤è(€€€‘•Á•¹‘•¹¥•Ìè(€€€€€€ÑåÁ•ÍÉ¥ÁÐµ•Í±¥¹Ð½•Í±¥¹ÐµÁ±Õ¥¸œè€à¸ØØ¸À¡ÑåÁ•ÍÉ¥ÁÐµ•Í±¥¹Ð½Á…ÉÍ•É à¸ØØ¸À¡•Í±¥¹Ñ ä¸Ìä¸Ô¡ÍÕÁÁ½ÉÑÌµ½±½É Ü¸È¸À¤¤¡ÍÕÁÁ½ÉÑÌµ½±½É Ü¸È¸À¤¡ÑåÁ•ÍÉ¥ÁÑ Ô¸ä¸Ì¤¤¡•Í±¥¹Ñ ä¸Ìä¸Ô¡ÍÕÁÁ½ÉÑÌµ½±½É Ü¸È¸À¤¤¡ÍÕÁÁ½ÉÑÌµ½±½É Ü¸È¸À¤¡ÑåÁ•ÍÉ¥ÁÑ Ô¸ä¸Ì¤(€€€€€€ÑåÁ•ÍÉ¥ÁÐµ•Í±¥¹Ð½Á…ÉÍ•Èœè€à¸ØØ¸À¡•Í±¥¹Ñ ä¸Ìä¸Ô¡ÍÕÁÁ½ÉÑÌµ½±½É Ü¸È¸À¤¤¡ÍÕÁÁ½ÉÑÌµ½±½É Ü¸È¸À¤¡ÑåÁ•ÍÉ¥ÁÑ Ô¸ä¸Ì¤(€€€€€€ÑåÁ•ÍÉ¥ÁÐµ•Í±¥¹Ð½ÑåÁ•ÍÉ¥ÁÐµ•ÍÑÉ•”œè€à¸ØØ¸À¡ÍÕÁÁ½ÉÑÌµ½±½É Ü¸È¸À¤¡ÑåÁ•ÍÉ¥ÁÑ Ô¸ä¸Ì¤(€€€€€€ÑåÁ•ÍÉ¥ÁÐµ•Í±¥¹Ð½ÕÑ¥±Ìœè€à¸ØØ¸À¡•Í±¥¹Ñ ä¸Ìä¸Ô¡ÍÕÁÁ½ÉÑÌµ½±½É Ü¸È¸À¤¤¡ÍÕÁÁ½ÉÑÌµ½±½É Ü¸È¸À¤¡ÑåÁ•ÍÉ¥ÁÑ Ô¸ä¸Ì¤(€€€€€•Í±¥¹Ðè€ä¸Ìä¸Ô¡ÍÕÁÁ½ÉÑÌµ½±½É Ü¸È¸À¤(€€€€€ÑåÁ•ÍÉ¥ÁÐè€Ô¸ä¸Ì(€€€ÑÉ…¹Í¥Ñ¥Ù•A••É•Á•¹‘•¹¥•Ìè(€€€€€€´ÍÕÁÁ½ÉÑÌµ½±½È((€ÑåÁ•ÍÉ¥ÁÑ Ô¸ä¸Ìèíô((€Õ¹‰½àµÁÉ¥µ¥Ñ¥Ù• Ä¸Ä¸Àè(€€€‘•Á•¹‘•¹¥•Ìè(€€€€€…±°µ‰½Õ¹è€Ä¸À¸Ð(€€€€€¡…Ìµ‰¥¥¹ÑÌè€Ä¸Ä¸À(€€€€€¡…ÌµÍåµ‰½±Ìè€Ä¸Ä¸À(€€€€€Ý¡¥ µ‰½á•µÁÉ¥µ¥Ñ¥Ù”è€Ä¸Ä¸Ä((€Õ¹‘¥¤µÑåÁ•Í Ø¸ÈÄ¸Àèíô((€Õ¹ÉÌµÉ•Í½±Ù•É Ä¸ÄÈ¸Èè(€€€‘•Á•¹‘•¹¥•Ìè(€€€€€¹…Á¤µÁ½ÍÑ¥¹ÍÑ…±°è€À¸Ì¸Ð(€€€½ÁÑ¥½¹…±•Á•¹‘•¹¥•Ìè(€€€€€€Õ¹ÉÌ½É•Í½±Ù•Èµ‰¥¹‘¥¹œµ…¹‘É½¥µ…É´µ•…‰¤œè€Ä¸ÄÈ¸È(€€€€€€Õ¹ÉÌ½É•Í½±Ù•Èµ‰¥¹‘¥¹œµ…¹‘É½¥µ…É´ØÐœè€Ä¸ÄÈ¸È(€€€€€€Õ¹ÉÌ½É•Í½±Ù•Èµ‰¥¹‘¥¹œµ‘…ÉÝ¥¸µ…É´ØÐœè€Ä¸ÄÈ¸È(€€€€€€Õ¹ÉÌ½É•Í½±Ù•Èµ‰¥¹‘¥¹œµ‘…ÉÝ¥¸µàØÐœè€Ä¸ÄÈ¸È(€€€€€€Õ¹ÉÌ½É•Í½±Ù•Èµ‰¥¹‘¥¹œµ™É••‰ÍµàØÐœè€Ä¸ÄÈ¸È(€€€€€€Õ¹ÉÌ½É•Í½±Ù•Èµ‰¥¹‘¥¹œµ±¥¹Õàµ…É´µ¹Õ•…‰¥¡˜œè€Ä¸ÄÈ¸È(€€€€€€Õ¹ÉÌ½É•Í½±Ù•Èµ‰¥¹‘¥¹œµ±¥¹Õàµ…É´µµÕÍ±•…‰¥¡˜œè€Ä¸ÄÈ¸È(€€€€€€Õ¹ÉÌ½É•Í½±Ù•Èµ‰¥¹‘¥¹œµ±¥¹Õàµ…É´ØÐµ¹Ôœè€Ä¸ÄÈ¸È(€€€€€€Õ¹ÉÌ½É•Í½±Ù•Èµ‰¥¹‘¥¹œµ±¥¹Õàµ…É´ØÐµµÕÍ°œè€Ä¸ÄÈ¸È(€€€€€€Õ¹ÉÌ½É•Í½±Ù•Èµ‰¥¹‘¥¹œµ±¥¹Õàµ±½½¹œØÐµ¹Ôœè€Ä¸ÄÈ¸È(€€€€€€Õ¹ÉÌ½É•Í½±Ù•Èµ‰¥¹‘¥¹œµ±¥¹Õàµ±½½¹œØÐµµÕÍ°œè€Ä¸ÄÈ¸È(€€€€€€Õ¹ÉÌ½É•Í½±Ù•Èµ‰¥¹‘¥¹œµ±¥¹ÕàµÁÁŒØÐµ¹Ôœè€Ä¸ÄÈ¸È(€€€€€€Õ¹ÉÌ½É•Í½±Ù•Èµ‰¥¹‘¥¹œµ±¥¹ÕàµÉ¥ÍØØÐµ¹Ôœè€Ä¸ÄÈ¸È(€€€€€€Õ¹ÉÌ½É•Í½±Ù•Èµ‰¥¹‘¥¹œµ±¥¹ÕàµÉ¥ÍØØÐµµÕÍ°œè€Ä¸ÄÈ¸È(€€€€€€Õ¹ÉÌ½É•Í½±Ù•Èµ‰¥¹‘¥¹œµ±¥¹ÕàµÌÌäÁàµ¹Ôœè€Ä¸ÄÈ¸È(€€€€€€Õ¹ÉÌ½É•Í½±Ù•Èµ‰¥¹‘¥¹œµ±¥¹ÕàµàØÐµ¹Ôœè€Ä¸ÄÈ¸È(€€€€€€Õ¹ÉÌ½É•Í½±Ù•Èµ‰¥¹‘¥¹œµ±¥¹ÕàµàØÐµµÕÍ°œè€Ä¸ÄÈ¸È(€€€€€€Õ¹ÉÌ½É•Í½±Ù•Èµ‰¥¹‘¥¹œµ½Á•¹¡…Éµ½¹äµ…É´ØÐœè€Ä¸ÄÈ¸È(€€€€€€Õ¹ÉÌ½É•Í½±Ù•Èµ‰¥¹‘¥¹œµÝ…Í´ÌÈµÝ…Í¤œè€Ä¸ÄÈ¸È(€€€€€€Õ¹ÉÌ½É•Í½±Ù•Èµ‰¥¹‘¥¹œµÝ¥¸ÌÈµ…É´ØÐµµÍÙŒœè€Ä¸ÄÈ¸È(€€€€€€Õ¹ÉÌ½É•Í½±Ù•Èµ‰¥¹‘¥¹œµÝ¥¸ÌÈµ¥„ÌÈµµÍÙŒœè€Ä¸ÄÈ¸È(€€€€€€Õ¹ÉÌ½É•Í½±Ù•Èµ‰¥¹‘¥¹œµÝ¥¸ÌÈµàØÐµµÍÙŒœè€Ä¸ÄÈ¸È((€ÕÁ‘…Ñ”µ‰É½ÝÍ•ÉÍ±¥ÍÐµ‘‰ Ä¸Ì¸À¡‰É½ÝÍ•ÉÍ±¥ÍÑ Ð¸Èà¸à¤è(€€€‘•Á•¹‘•¹¥•Ìè(€€€€€‰É½ÝÍ•ÉÍ±¥ÍÐè€Ð¸Èà¸à(€€€€€•Í…±…‘”è€Ì¸È¸À(€€€€€Á¥½½±½ÉÌè€Ä¸Ä¸Ä((€ÕÉ¤µ©Í Ð¸Ð¸Äè(€€€‘•Á•¹‘•¹¥•Ìè(€€€€€ÁÕ¹å½‘”è€È¸Ì¸Ä((€Ý¡¥ µ‰½á•µÁÉ¥µ¥Ñ¥Ù• Ä¸Ä¸Äè(€€€‘•Á•¹‘•¹¥•Ìè(€€€€€¥Ìµ‰¥¥¹Ðè€Ä¸Ä¸À(€€€€€¥Ìµ‰½½±•…¸µ½‰©•Ðè€Ä¸È¸È(€€€€€¥Ìµ¹Õµ‰•Èµ½‰©•Ðè€Ä¸Ä¸Ä(€€€€€¥ÌµÍÑÉ¥¹œè€Ä¸Ä¸Ä(€€€€€¥ÌµÍåµ‰½°è€Ä¸Ä¸Ä((€Ý¡¥ µ‰Õ¥±Ñ¥¸µÑåÁ• Ä¸È¸Äè(€€€‘•Á•¹‘•¹¥•Ìè(€€€€€…±°µ‰½Õ¹è€Ä¸À¸Ð(€€€€€™Õ¹Ñ¥½¸¹ÁÉ½Ñ½ÑåÁ”¹¹…µ”è€Ä¸È¸À(€€€€€¡…ÌµÑ½ÍÑÉ¥¹Ñ…œè€Ä¸À¸È(€€€€€¥Ìµ…Íå¹Œµ™Õ¹Ñ¥½¸è€È¸Ä¸Ä(€€€€€¥Ìµ‘…Ñ”µ½‰©•Ðè€Ä¸Ä¸À(€€€€€¥Ìµ™¥¹…±¥é…Ñ¥½¹É•¥ÍÑÉäè€Ä¸Ä¸Ä(€€€€€¥Ìµ•¹•É…Ñ½Èµ™Õ¹Ñ¥½¸è€Ä¸Ä¸È(€€€€€¥ÌµÉ••àè€Ä¸È¸Ä(€€€€€¥ÌµÝ•…­É•˜è€Ä¸Ä¸Ä(€€€€€¥Í…ÉÉ…äè€È¸À¸Ô(€€€€€Ý¡¥ µ‰½á•µÁÉ¥µ¥Ñ¥Ù”è€Ä¸Ä¸Ä(€€€€€Ý¡¥ µ½±±•Ñ¥½¸è€Ä¸À¸È(€€€€€Ý¡¥ µÑåÁ•µ…ÉÉ…äè€Ä¸Ä¸ÈÈ((€Ý¡¥ µ½±±•Ñ¥½¹ Ä¸À¸Èè(€€€‘•Á•¹‘•¹¥•Ìè(€€€€€¥Ìµµ…Àè€È¸À¸Ì(€€€€€¥ÌµÍ•Ðè€È¸À¸Ì(€€€€€¥ÌµÝ•…­µ…Àè€È¸À¸È(€€€€€¥ÌµÝ•…­Í•Ðè€È¸À¸Ð((€Ý¡¥ µÑåÁ•µ…ÉÉ…å Ä¸Ä¸ÈÈè(€€€‘•Á•¹‘•¹¥•Ìè(€€€€€…Ù…¥±…‰±”µÑåÁ•µ…ÉÉ…åÌè€Ä¸À¸Ü(€€€€€…±°µ‰¥¹è€Ä¸À¸ä(€€€€€…±°µ‰½Õ¹è€Ä¸À¸Ð(€€€€€™½Èµ•… è€À¸Ì¸Ô(€€€€€•ÐµÁÉ½Ñ¼è€Ä¸À¸Ä(€€€€€½Áè€Ä¸È¸À(€€€€€¡…ÌµÑ½ÍÑÉ¥¹Ñ…œè€Ä¸À¸È((€Ý¡¥¡ È¸À¸Èè(€€€‘•Á•¹‘•¹¥•Ìè(€€€€€¥Í•á”è€È¸À¸À((€Ý½ÉµÝÉ…Á Ä¸È¸Ôèíô((€å…±±¥ÍÑ Ì¸Ä¸Äèíô((€å½Ñ¼µÅÕ•Õ• À¸Ä¸Àèíô((€é½µÙ…±¥‘…Ñ¥½¸µ•ÉÉ½É Ð¸À¸È¡é½‘ Ð¸Ð¸Ì¤è(€€€‘•Á•¹‘•¹¥•Ìè(€€€€€é½è€Ð¸Ð¸Ì((€é½‘ Ð¸Ð¸Ìèíô